// !$*UTF8*$!
{
	archiveVersion = 1;
	classes = {
	};
	objectVersion = 55;
	objects = {

/* Begin PBXBuildFile section */
		592D66CB281B7A0D00A36D99 /*  LandmarksAppConentView.swift in Sources */ = {isa = PBXBuildFile; fileRef = 592D66CA281B7A0D00A36D99 /*  LandmarksAppConentView.swift */; };
		592D66CF281B7C7900A36D99 /* LandmarkList.swift in Sources */ = {isa = PBXBuildFile; fileRef = 592D66CE281B7C7900A36D99 /* LandmarkList.swift */; };
		592D66D1281B7D5D00A36D99 /* Landmark.swift in Sources */ = {isa = PBXBuildFile; fileRef = 592D66D0281B7D5D00A36D99 /* Landmark.swift */; };
		592D66D3281B7F8E00A36D99 /* ModelData.swift in Sources */ = {isa = PBXBuildFile; fileRef = 592D66D2281B7F8E00A36D99 /* ModelData.swift */; };
		592D66D6281B800500A36D99 /* landmarkData.json in Resources */ = {isa = PBXBuildFile; fileRef = 592D66D5281B800500A36D99 /* landmarkData.json */; };
		592D66D8281B819300A36D99 /* MapView.swift in Sources */ = {isa = PBXBuildFile; fileRef = 592D66D7281B819200A36D99 /* MapView.swift */; };
		592D66DA281B81A700A36D99 /* CircleImage.swift in Sources */ = {isa = PBXBuildFile; fileRef = 592D66D9281B81A700A36D99 /* CircleImage.swift */; };
		592D66DC281B81BE00A36D99 /* LandmarkDetail.swift in Sources */ = {isa = PBXBuildFile; fileRef = 592D66DB281B81BE00A36D99 /* LandmarkDetail.swift */; };
		592D66DE281B864D00A36D99 /* LandmarkRow.swift in Sources */ = {isa = PBXBuildFile; fileRef = 592D66DD281B864D00A36D99 /* LandmarkRow.swift */; };
		595AD907281A6A94002807EC /* SwiftUIDemoApp.swift in Sources */ = {isa = PBXBuildFile; fileRef = 595AD906281A6A94002807EC /* SwiftUIDemoApp.swift */; };
		595AD90B281A6A95002807EC /* Assets.xcassets in Resources */ = {isa = PBXBuildFile; fileRef = 595AD90A281A6A95002807EC /* Assets.xcassets */; };
		595AD90E281A6A95002807EC /* Preview Assets.xcassets in Resources */ = {isa = PBXBuildFile; fileRef = 595AD90D281A6A95002807EC /* Preview Assets.xcassets */; };
		595AD918281A6A95002807EC /* SwiftUIDemoTests.swift in Sources */ = {isa = PBXBuildFile; fileRef = 595AD917281A6A95002807EC /* SwiftUIDemoTests.swift */; };
		595AD922281A6A95002807EC /* SwiftUIDemoUITests.swift in Sources */ = {isa = PBXBuildFile; fileRef = 595AD921281A6A95002807EC /* SwiftUIDemoUITests.swift */; };
		595AD924281A6A95002807EC /* SwiftUIDemoUITestsLaunchTests.swift in Sources */ = {isa = PBXBuildFile; fileRef = 595AD923281A6A95002807EC /* SwiftUIDemoUITestsLaunchTests.swift */; };
		59B11E70281BBF5B0045B45A /* FavoriteButton.swift in Sources */ = {isa = PBXBuildFile; fileRef = 59B11E6F281BBF5B0045B45A /* FavoriteButton.swift */; };
		59B6E51E281A9032004ACFB8 /* ZStackContentView.swift in Sources */ = {isa = PBXBuildFile; fileRef = 59B6E51D281A9031004ACFB8 /* ZStackContentView.swift */; };
		59B6E521281A9282004ACFB8 /* VStackContentView.swift in Sources */ = {isa = PBXBuildFile; fileRef = 59B6E520281A9282004ACFB8 /* VStackContentView.swift */; };
		59B6E525281A94D9004ACFB8 /* HStackContentView.swift in Sources */ = {isa = PBXBuildFile; fileRef = 59B6E524281A94D9004ACFB8 /* HStackContentView.swift */; };
		59B6E528281A9671004ACFB8 /* AppleContentView.swift in Sources */ = {isa = PBXBuildFile; fileRef = 59B6E527281A9671004ACFB8 /* AppleContentView.swift */; };
		59CE1B63282A5DAE00219C81 /* HexagonParameters.swift in Sources */ = {isa = PBXBuildFile; fileRef = 59CE1B62282A5DAE00219C81 /* HexagonParameters.swift */; };
		59CE1B65282A5ED900219C81 /* BadgeBackground.swift in Sources */ = {isa = PBXBuildFile; fileRef = 59CE1B64282A5ED900219C81 /* BadgeBackground.swift */; };
		59CE1B67282A718400219C81 /* Badge.swift in Sources */ = {isa = PBXBuildFile; fileRef = 59CE1B66282A718400219C81 /* Badge.swift */; };
		59CE1B69282A719A00219C81 /* BadgeSymbol.swift in Sources */ = {isa = PBXBuildFile; fileRef = 59CE1B68282A719A00219C81 /* BadgeSymbol.swift */; };
		59CE1B6B282A71DB00219C81 /* RotatedBadgeSymbol.swift in Sources */ = {isa = PBXBuildFile; fileRef = 59CE1B6A282A71DB00219C81 /* RotatedBadgeSymbol.swift */; };
		59FBFD65281A9F4700B7005F /* AppleMapView.swift in Sources */ = {isa = PBXBuildFile; fileRef = 59FBFD64281A9F4700B7005F /* AppleMapView.swift */; };
		59FBFD67281AA05100B7005F /* AppleAllContentView.swift in Sources */ = {isa = PBXBuildFile; fileRef = 59FBFD66281AA05100B7005F /* AppleAllContentView.swift */; };
		59FBFD69281AA1C500B7005F /* AppleCircleImageView.swift in Sources */ = {isa = PBXBuildFile; fileRef = 59FBFD68281AA1C500B7005F /* AppleCircleImageView.swift */; };
/* End PBXBuildFile section */

/* Begin PBXContainerItemProxy section */
		595AD914281A6A95002807EC /* PBXContainerItemProxy */ = {
			isa = PBXContainerItemProxy;
			containerPortal = 595AD8FB281A6A94002807EC /* Project object */;
			proxyType = 1;
			remoteGlobalIDString = 595AD902281A6A94002807EC;
			remoteInfo = SwiftUIDemo;
		};
		595AD91E281A6A95002807EC /* PBXContainerItemProxy */ = {
			isa = PBXContainerItemProxy;
			containerPortal = 595AD8FB281A6A94002807EC /* Project object */;
			proxyType = 1;
			remoteGlobalIDString = 595AD902281A6A94002807EC;
			remoteInfo = SwiftUIDemo;
		};
/* End PBXContainerItemProxy section */

/* Begin PBXFileReference section */
		592D66CA281B7A0D00A36D99 /*  LandmarksAppConentView.swift */ = {isa = PBXFileReference; lastKnownFileType = sourcecode.swift; path = " LandmarksAppConentView.swift"; sourceTree = "<group>"; };
		592D66CE281B7C7900A36D99 /* LandmarkList.swift */ = {isa = PBXFileReference; lastKnownFileType = sourcecode.swift; path = LandmarkList.swift; sourceTree = "<group>"; };
		592D66D0281B7D5D00A36D99 /* Landmark.swift */ = {isa = PBXFileReference; lastKnownFileType = sourcecode.swift; path = Landmark.swift; sourceTree = "<group>"; };
		592D66D2281B7F8E00A36D99 /* ModelData.swift */ = {isa = PBXFileReference; lastKnownFileType = sourcecode.swift; path = ModelData.swift; sourceTree = "<group>"; };
		592D66D5281B800500A36D99 /* landmarkData.json */ = {isa = PBXFileReference; fileEncoding = 4; lastKnownFileType = text.json; path = landmarkData.json; sourceTree = "<group>"; };
		592D66D7281B819200A36D99 /* MapView.swift */ = {isa = PBXFileReference; lastKnownFileType = sourcecode.swift; path = MapView.swift; sourceTree = "<group>"; };
		592D66D9281B81A700A36D99 /* CircleImage.swift */ = {isa = PBXFileReference; lastKnownFileType = sourcecode.swift; path = CircleImage.swift; sourceTree = "<group>"; };
		592D66DB281B81BE00A36D99 /* LandmarkDetail.swift */ = {isa = PBXFileReference; lastKnownFileType = sourcecode.swift; path = LandmarkDetail.swift; sourceTree = "<group>"; };
		592D66DD281B864D00A36D99 /* LandmarkRow.swift */ = {isa = PBXFileReference; lastKnownFileType = sourcecode.swift; path = LandmarkRow.swift; sourceTree = "<group>"; };
		595AD903281A6A94002807EC /* SwiftUIDemo.app */ = {isa = PBXFileReference; explicitFileType = wrapper.application; includeInIndex = 0; path = SwiftUIDemo.app; sourceTree = BUILT_PRODUCTS_DIR; };
		595AD906281A6A94002807EC /* SwiftUIDemoApp.swift */ = {isa = PBXFileReference; lastKnownFileType = sourcecode.swift; path = SwiftUIDemoApp.swift; sourceTree = "<group>"; };
		595AD90A281A6A95002807EC /* Assets.xcassets */ = {isa = PBXFileReference; lastKnownFileType = folder.assetcatalog; path = Assets.xcassets; sourceTree = "<group>"; };
		595AD90D281A6A95002807EC /* Preview Assets.xcassets */ = {isa = PBXFileReference; lastKnownFileType = folder.assetcatalog; path = "Preview Assets.xcassets"; sourceTree = "<group>"; };
		595AD913281A6A95002807EC /* SwiftUIDemoTests.xctest */ = {isa = PBXFileReference; explicitFileType = wrapper.cfbundle; includeInIndex = 0; path = SwiftUIDemoTests.xctest; sourceTree = BUILT_PRODUCTS_DIR; };
		595AD917281A6A95002807EC /* SwiftUIDemoTests.swift */ = {isa = PBXFileReference; lastKnownFileType = sourcecode.swift; path = SwiftUIDemoTests.swift; sourceTree = "<group>"; };
		595AD91D281A6A95002807EC /* SwiftUIDemoUITests.xctest */ = {isa = PBXFileReference; explicitFileType = wrapper.cfbundle; includeInIndex = 0; path = SwiftUIDemoUITests.xctest; sourceTree = BUILT_PRODUCTS_DIR; };
		595AD921281A6A95002807EC /* SwiftUIDemoUITests.swift */ = {isa = PBXFileReference; lastKnownFileType = sourcecode.swift; path = SwiftUIDemoUITests.swift; sourceTree = "<group>"; };
		595AD923281A6A95002807EC /* SwiftUIDemoUITestsLaunchTests.swift */ = {isa = PBXFileReference; lastKnownFileType = sourcecode.swift; path = SwiftUIDemoUITestsLaunchTests.swift; sourceTree = "<group>"; };
		59B11E6F281BBF5B0045B45A /* FavoriteButton.swift */ = {isa = PBXFileReference; lastKnownFileType = sourcecode.swift; path = FavoriteButton.swift; sourceTree = "<group>"; };
		59B6E51D281A9031004ACFB8 /* ZStackContentView.swift */ = {isa = PBXFileReference; lastKnownFileType = sourcecode.swift; path = ZStackContentView.swift; sourceTree = "<group>"; };
		59B6E520281A9282004ACFB8 /* VStackContentView.swift */ = {isa = PBXFileReference; lastKnownFileType = sourcecode.swift; path = VStackContentView.swift; sourceTree = "<group>"; };
		59B6E524281A94D9004ACFB8 /* HStackContentView.swift */ = {isa = PBXFileReference; lastKnownFileType = sourcecode.swift; path = HStackContentView.swift; sourceTree = "<group>"; };
		59B6E527281A9671004ACFB8 /* AppleContentView.swift */ = {isa = PBXFileReference; lastKnownFileType = sourcecode.swift; path = AppleContentView.swift; sourceTree = "<group>"; };
		59CE1B62282A5DAE00219C81 /* HexagonParameters.swift */ = {isa = PBXFileReference; lastKnownFileType = sourcecode.swift; path = HexagonParameters.swift; sourceTree = "<group>"; };
		59CE1B64282A5ED900219C81 /* BadgeBackground.swift */ = {isa = PBXFileReference; lastKnownFileType = sourcecode.swift; path = BadgeBackground.swift; sourceTree = "<group>"; };
		59CE1B66282A718400219C81 /* Badge.swift */ = {isa = PBXFileReference; lastKnownFileType = sourcecode.swift; path = Badge.swift; sourceTree = "<group>"; };
		59CE1B68282A719A00219C81 /* BadgeSymbol.swift */ = {isa = PBXFileReference; lastKnownFileType = sourcecode.swift; path = BadgeSymbol.swift; sourceTree = "<group>"; };
		59CE1B6A282A71DB00219C81 /* RotatedBadgeSymbol.swift */ = {isa = PBXFileReference; lastKnownFileType = sourcecode.swift; path = RotatedBadgeSymbol.swift; sourceTree = "<group>"; };
		59FBFD64281A9F4700B7005F /* AppleMapView.swift */ = {isa = PBXFileReference; lastKnownFileType = sourcecode.swift; path = AppleMapView.swift; sourceTree = "<group>"; };
		59FBFD66281AA05100B7005F /* AppleAllContentView.swift */ = {isa = PBXFileReference; lastKnownFileType = sourcecode.swift; path = AppleAllContentView.swift; sourceTree = "<group>"; };
		59FBFD68281AA1C500B7005F /* AppleCircleImageView.swift */ = {isa = PBXFileReference; lastKnownFileType = sourcecode.swift; path = AppleCircleImageView.swift; sourceTree = "<group>"; };
/* End PBXFileReference section */

/* Begin PBXFrameworksBuildPhase section */
		595AD900281A6A94002807EC /* Frameworks */ = {
			isa = PBXFrameworksBuildPhase;
			buildActionMask = 2147483647;
			files = (
			);
			runOnlyForDeploymentPostprocessing = 0;
		};
		595AD910281A6A95002807EC /* Frameworks */ = {
			isa = PBXFrameworksBuildPhase;
			buildActionMask = 2147483647;
			files = (
			);
			runOnlyForDeploymentPostprocessing = 0;
		};
		595AD91A281A6A95002807EC /* Frameworks */ = {
			isa = PBXFrameworksBuildPhase;
			buildActionMask = 2147483647;
			files = (
			);
			runOnlyForDeploymentPostprocessing = 0;
		};
/* End PBXFrameworksBuildPhase section */

/* Begin PBXGroup section */
		592D66C9281B79E900A36D99 /*  LandmarksAppDemo */ = {
			isa = PBXGroup;
			children = (
				592D66CD281B7C6300A36D99 /* Model */,
				592D66CC281B7C5C00A36D99 /* Views */,
				592D66D4281B7FED00A36D99 /* Resources */,
			);
			path = " LandmarksAppDemo";
			sourceTree = "<group>";
		};
		592D66CC281B7C5C00A36D99 /* Views */ = {
			isa = PBXGroup;
			children = (
				592D66CA281B7A0D00A36D99 /*  LandmarksAppConentView.swift */,
				59CE1B61282A5D9600219C81 /* Badges */,
				59B11E6E281BBF410045B45A /* Landmarks */,
				59B11E6D281BBF250045B45A /* Helpers */,
			);
			path = Views;
			sourceTree = "<group>";
		};
		592D66CD281B7C6300A36D99 /* Model */ = {
			isa = PBXGroup;
			children = (
				592D66D0281B7D5D00A36D99 /* Landmark.swift */,
				592D66D2281B7F8E00A36D99 /* ModelData.swift */,
			);
			path = Model;
			sourceTree = "<group>";
		};
		592D66D4281B7FED00A36D99 /* Resources */ = {
			isa = PBXGroup;
			children = (
				592D66D5281B800500A36D99 /* landmarkData.json */,
			);
			path = Resources;
			sourceTree = "<group>";
		};
		595AD8FA281A6A94002807EC = {
			isa = PBXGroup;
			children = (
				595AD905281A6A94002807EC /* SwiftUIDemo */,
				595AD916281A6A95002807EC /* SwiftUIDemoTests */,
				595AD920281A6A95002807EC /* SwiftUIDemoUITests */,
				595AD904281A6A94002807EC /* Products */,
			);
			sourceTree = "<group>";
		};
		595AD904281A6A94002807EC /* Products */ = {
			isa = PBXGroup;
			children = (
				595AD903281A6A94002807EC /* SwiftUIDemo.app */,
				595AD913281A6A95002807EC /* SwiftUIDemoTests.xctest */,
				595AD91D281A6A95002807EC /* SwiftUIDemoUITests.xctest */,
			);
			name = Products;
			sourceTree = "<group>";
		};
		595AD905281A6A94002807EC /* SwiftUIDemo */ = {
			isa = PBXGroup;
			children = (
				595AD906281A6A94002807EC /* SwiftUIDemoApp.swift */,
				59B6E522281A9476004ACFB8 /* SmallExampleDemo */,
				595AD90A281A6A95002807EC /* Assets.xcassets */,
				595AD90C281A6A95002807EC /* Preview Content */,
			);
			path = SwiftUIDemo;
			sourceTree = "<group>";
		};
		595AD90C281A6A95002807EC /* Preview Content */ = {
			isa = PBXGroup;
			children = (
				595AD90D281A6A95002807EC /* Preview Assets.xcassets */,
			);
			path = "Preview Content";
			sourceTree = "<group>";
		};
		595AD916281A6A95002807EC /* SwiftUIDemoTests */ = {
			isa = PBXGroup;
			children = (
				595AD917281A6A95002807EC /* SwiftUIDemoTests.swift */,
			);
			path = SwiftUIDemoTests;
			sourceTree = "<group>";
		};
		595AD920281A6A95002807EC /* SwiftUIDemoUITests */ = {
			isa = PBXGroup;
			children = (
				595AD921281A6A95002807EC /* SwiftUIDemoUITests.swift */,
				595AD923281A6A95002807EC /* SwiftUIDemoUITestsLaunchTests.swift */,
			);
			path = SwiftUIDemoUITests;
			sourceTree = "<group>";
		};
		59B11E6D281BBF250045B45A /* Helpers */ = {
			isa = PBXGroup;
			children = (
				592D66D7281B819200A36D99 /* MapView.swift */,
				592D66D9281B81A700A36D99 /* CircleImage.swift */,
				59B11E6F281BBF5B0045B45A /* FavoriteButton.swift */,
			);
			path = Helpers;
			sourceTree = "<group>";
		};
		59B11E6E281BBF410045B45A /* Landmarks */ = {
			isa = PBXGroup;
			children = (
				592D66CE281B7C7900A36D99 /* LandmarkList.swift */,
				592D66DB281B81BE00A36D99 /* LandmarkDetail.swift */,
				592D66DD281B864D00A36D99 /* LandmarkRow.swift */,
			);
			path = Landmarks;
			sourceTree = "<group>";
		};
		59B6E51C281A8FF7004ACFB8 /* ZStackDemo */ = {
			isa = PBXGroup;
			children = (
				59B6E51D281A9031004ACFB8 /* ZStackContentView.swift */,
			);
			path = ZStackDemo;
			sourceTree = "<group>";
		};
		59B6E51F281A924C004ACFB8 /* VStackDemo */ = {
			isa = PBXGroup;
			children = (
				59B6E520281A9282004ACFB8 /* VStackContentView.swift */,
			);
			path = VStackDemo;
			sourceTree = "<group>";
		};
		59B6E522281A9476004ACFB8 /* SmallExampleDemo */ = {
			isa = PBXGroup;
			children = (
				592D66C9281B79E900A36D99 /*  LandmarksAppDemo */,
				59B6E526281A964D004ACFB8 /* AppleDemo */,
				59B6E523281A94BD004ACFB8 /* HStackDemo */,
				59B6E51F281A924C004ACFB8 /* VStackDemo */,
				59B6E51C281A8FF7004ACFB8 /* ZStackDemo */,
			);
			path = SmallExampleDemo;
			sourceTree = "<group>";
		};
		59B6E523281A94BD004ACFB8 /* HStackDemo */ = {
			isa = PBXGroup;
			children = (
				59B6E524281A94D9004ACFB8 /* HStackContentView.swift */,
			);
			path = HStackDemo;
			sourceTree = "<group>";
		};
		59B6E526281A964D004ACFB8 /* AppleDemo */ = {
			isa = PBXGroup;
			children = (
				59B6E527281A9671004ACFB8 /* AppleContentView.swift */,
				59FBFD64281A9F4700B7005F /* AppleMapView.swift */,
				59FBFD66281AA05100B7005F /* AppleAllContentView.swift */,
				59FBFD68281AA1C500B7005F /* AppleCircleImageView.swift */,
			);
			path = AppleDemo;
			sourceTree = "<group>";
		};
		59CE1B61282A5D9600219C81 /* Badges */ = {
			isa = PBXGroup;
			children = (
				59CE1B62282A5DAE00219C81 /* HexagonParameters.swift */,
				59CE1B64282A5ED900219C81 /* BadgeBackground.swift */,
				59CE1B66282A718400219C81 /* Badge.swift */,
				59CE1B68282A719A00219C81 /* BadgeSymbol.swift */,
				59CE1B6A282A71DB00219C81 /* RotatedBadgeSymbol.swift */,
			);
			path = Badges;
			sourceTree = "<group>";
		};
/* End PBXGroup section */

/* Begin PBXNativeTarget section */
		595AD902281A6A94002807EC /* SwiftUIDemo */ = {
			isa = PBXNativeTarget;
			buildConfigurationList = 595AD927281A6A95002807EC /* Build configuration list for PBXNativeTarget "SwiftUIDemo" */;
			buildPhases = (
				595AD8FF281A6A94002807EC /* Sources */,
				595AD900281A6A94002807EC /* Frameworks */,
				595AD901281A6A94002807EC /* Resources */,
			);
			buildRules = (
			);
			dependencies = (
			);
			name = SwiftUIDemo;
			productName = SwiftUIDemo;
			productReference = 595AD903281A6A94002807EC /* SwiftUIDemo.app */;
			productType = "com.apple.product-type.application";
		};
		595AD912281A6A95002807EC /* SwiftUIDemoTests */ = {
			isa = PBXNativeTarget;
			buildConfigurationList = 595AD92A281A6A95002807EC /* Build configuration list for PBXNativeTarget "SwiftUIDemoTests" */;
			buildPhases = (
				595AD90F281A6A95002807EC /* Sources */,
				595AD910281A6A95002807EC /* Frameworks */,
				595AD911281A6A95002807EC /* Resources */,
			);
			buildRules = (
			);
			dependencies = (
				595AD915281A6A95002807EC /* PBXTargetDependency */,
			);
			name = SwiftUIDemoTests;
			productName = SwiftUIDemoTests;
			productReference = 595AD913281A6A95002807EC /* SwiftUIDemoTests.xctest */;
			productType = "com.apple.product-type.bundle.unit-test";
		};
		595AD91C281A6A95002807EC /* SwiftUIDemoUITests */ = {
			isa = PBXNativeTarget;
			buildConfigurationList = 595AD92D281A6A95002807EC /* Build configuration list for PBXNativeTarget "SwiftUIDemoUITests" */;
			buildPhases = (
				595AD919281A6A95002807EC /* Sources */,
				595AD91A281A6A95002807EC /* Frameworks */,
				595AD91B281A6A95002807EC /* Resources */,
			);
			buildRules = (
			);
			dependencies = (
				595AD91F281A6A95002807EC /* PBXTargetDependency */,
			);
			name = SwiftUIDemoUITests;
			productName = SwiftUIDemoUITests;
			productReference = 595AD91D281A6A95002807EC /* SwiftUIDemoUITests.xctest */;
			productType = "com.apple.product-type.bundle.ui-testing";
		};
/* End PBXNativeTarget section */

/* Begin PBXProject section */
		595AD8FB281A6A94002807EC /* Project object */ = {
			isa = PBXProject;
			attributes = {
				BuildIndependentTargetsInParallel = 1;
				LastSwiftUpdateCheck = 1320;
				LastUpgradeCheck = 1320;
				TargetAttributes = {
					595AD902281A6A94002807EC = {
						CreatedOnToolsVersion = 13.2.1;
					};
					595AD912281A6A95002807EC = {
						CreatedOnToolsVersion = 13.2.1;
						TestTargetID = 595AD902281A6A94002807EC;
					};
					595AD91C281A6A95002807EC = {
						CreatedOnToolsVersion = 13.2.1;
						TestTargetID = 595AD902281A6A94002807EC;
					};
				};
			};
			buildConfigurationList = 595AD8FE281A6A94002807EC /* Build configuration list for PBXProject "SwiftUIDemo" */;
			compatibilityVersion = "Xcode 13.0";
			developmentRegion = en;
			hasScannedForEncodings = 0;
			knownRegions = (
				en,
				Base,
			);
			mainGroup = 595AD8FA281A6A94002807EC;
			productRefGroup = 595AD904281A6A94002807EC /* Products */;
			projectDirPath = "";
			projectRoot = "";
			targets = (
				595AD902281A6A94002807EC /* SwiftUIDemo */,
				595AD912281A6A95002807EC /* SwiftUIDemoTests */,
				595AD91C281A6A95002807EC /* SwiftUIDemoUITests */,
			);
		};
/* End PBXProject section */

/* Begin PBXResourcesBuildPhase section */
		595AD901281A6A94002807EC /* Resources */ = {
			isa = PBXResourcesBuildPhase;
			buildActionMask = 2147483647;
			files = (
				595AD90E281A6A95002807EC /* Preview Assets.xcassets in Resources */,
				595AD90B281A6A95002807EC /* Assets.xcassets in Resources */,
				592D66D6281B800500A36D99 /* landmarkData.json in Resources */,
			);
			runOnlyForDeploymentPostprocessing = 0;
		};
		595AD911281A6A95002807EC /* Resources */ = {
			isa = PBXResourcesBuildPhase;
			buildActionMask = 2147483647;
			files = (
			);
			runOnlyForDeploymentPostprocessing = 0;
		};
		595AD91B281A6A95002807EC /* Resources */ = {
			isa = PBXResourcesBuildPhase;
			buildActionMask = 2147483647;
			files = (
			);
			runOnlyForDeploymentPostprocessing = 0;
		};
/* End PBXResourcesBuildPhase section */

/* Begin PBXSourcesBuildPhase section */
		595AD8FF281A6A94002807EC /* Sources */ = {
			isa = PBXSourcesBuildPhase;
			buildActionMask = 2147483647;
			files = (
				59B6E521281A9282004ACFB8 /* VStackContentView.swift in Sources */,
				59CE1B67282A718400219C81 /* Badge.swift in Sources */,
				592D66D1281B7D5D00A36D99 /* Landmark.swift in Sources */,
				59FBFD65281A9F4700B7005F /* AppleMapView.swift in Sources */,
				592D66DA281B81A700A36D99 /* CircleImage.swift in Sources */,
				592D66CB281B7A0D00A36D99 /*  LandmarksAppConentView.swift in Sources */,
				592D66D8281B819300A36D99 /* MapView.swift in Sources */,
				595AD907281A6A94002807EC /* SwiftUIDemoApp.swift in Sources */,
				59CE1B65282A5ED900219C81 /* BadgeBackground.swift in Sources */,
				592D66D3281B7F8E00A36D99 /* ModelData.swift in Sources */,
				59B6E525281A94D9004ACFB8 /* HStackContentView.swift in Sources */,
				59FBFD67281AA05100B7005F /* AppleAllContentView.swift in Sources */,
				59B6E51E281A9032004ACFB8 /* ZStackContentView.swift in Sources */,
				59CE1B6B282A71DB00219C81 /* RotatedBadgeSymbol.swift in Sources */,
				59B6E528281A9671004ACFB8 /* AppleContentView.swift in Sources */,
				59CE1B69282A719A00219C81 /* BadgeSymbol.swift in Sources */,
				59CE1B63282A5DAE00219C81 /* HexagonParameters.swift in Sources */,
				59FBFD69281AA1C500B7005F /* AppleCircleImageView.swift in Sources */,
				59B11E70281BBF5B0045B45A /* FavoriteButton.swift in Sources */,
				592D66DC281B81BE00A36D99 /* LandmarkDetail.swift in Sources */,
				592D66DE281B864D00A36D99 /* LandmarkRow.swift in Sources */,
				592D66CF281B7C7900A36D99 /* LandmarkList.swift in Sources */,
			);
			runOnlyForDeploymentPostprocessing = 0;
		};
		595AD90F281A6A95002807EC /* Sources */ = {
			isa = PBXSourcesBuildPhase;
			buildActionMask = 2147483647;
			files = (
				595AD918281A6A95002807EC /* SwiftUIDemoTests.swift in Sources */,
			);
			runOnlyForDeploymentPostprocessing = 0;
		};
		595AD919281A6A95002807EC /* Sources */ = {
			isa = PBXSourcesBuildPhase;
			buildActionMask = 2147483647;
			files = (
				595AD922281A6A95002807EC /* SwiftUIDemoUITests.swift in Sources */,
				595AD924281A6A95002807EC /* SwiftUIDemoUITestsLaunchTests.swift in Sources */,
			);
			runOnlyForDeploymentPostprocessing = 0;
		};
/* End PBXSourcesBuildPhase section */

/* Begin PBXTargetDependency section */
		595AD915281A6A95002807EC /* PBXTargetDependency */ = {
			isa = PBXTargetDependency;
			target = 595AD902281A6A94002807EC /* SwiftUIDemo */;
			targetProxy = 595AD914281A6A95002807EC /* PBXContainerItemProxy */;
		};
		595AD91F281A6A95002807EC /* PBXTargetDependency */ = {
			isa = PBXTargetDependency;
			target = 595AD902281A6A94002807EC /* SwiftUIDemo */;
			targetProxy = 595AD91E281A6A95002807EC /* PBXContainerItemProxy */;
		};
/* End PBXTargetDependency section */

/* Begin XCBuildConfiguration section */
		595AD925281A6A95002807EC /* Debug */ = {
			isa = XCBuildConfiguration;
			buildSettings = {
				ALWAYS_SEARCH_USER_PATHS = NO;
				CLANG_ANALYZER_NONNULL = YES;
				CLANG_ANALYZER_NUMBER_OBJECT_CONVERSION = YES_AGGRESSIVE;
				CLANG_CXX_LANGUAGE_STANDARD = "gnu++17";
				CLANG_CXX_LIBRARY = "libc++";
				CLANG_ENABLE_MODULES = YES;
				CLANG_ENABLE_OBJC_ARC = YES;
				CLANG_ENABLE_OBJC_WEAK = YES;
				CLANG_WARN_BLOCK_CAPTURE_AUTORELEASING = YES;
				CLANG_WARN_BOOL_CONVERSION = YES;
				CLANG_WARN_COMMA = YES;
				CLANG_WARN_CONSTANT_CONVERSION = YES;
				CLANG_WARN_DEPRECATED_OBJC_IMPLEMENTATIONS = YES;
				CLANG_WARN_DIRECT_OBJC_ISA_USAGE = YES_ERROR;
				CLANG_WARN_DOCUMENTATION_COMMENTS = YES;
				CLANG_WARN_EMPTY_BODY = YES;
				CLANG_WARN_ENUM_CONVERSION = YES;
				CLANG_WARN_INFINITE_RECURSION = YES;
				CLANG_WARN_INT_CONVERSION = YES;
				CLANG_WARN_NON_LITERAL_NULL_CONVERSION = YES;
				CLANG_WARN_OBJC_IMPLICIT_RETAIN_SELF = YES;
				CLANG_WARN_OBJC_LITERAL_CONVERSION = YES;
				CLANG_WARN_OBJC_ROOT_CLASS = YES_ERROR;
				CLANG_WARN_QUOTED_INCLUDE_IN_FRAMEWORK_HEADER = YES;
				CLANG_WARN_RANGE_LOOP_ANALYSIS = YES;
				CLANG_WARN_STRICT_PROTOTYPES = YES;
				CLANG_WARN_SUSPICIOUS_MOVE = YES;
				CLANG_WARN_UNGUARDED_AVAILABILITY = YES_AGGRESSIVE;
				CLANG_WARN_UNREACHABLE_CODE = YES;
				CLANG_WARN__DUPLICATE_METHOD_MATCH = YES;
				COPY_PHASE_STRIP = NO;
				DEBUG_INFORMATION_FORMAT = dwarf;
				ENABLE_STRICT_OBJC_MSGSEND = YES;
				ENABLE_TESTABILITY = YES;
				GCC_C_LANGUAGE_STANDARD = gnu11;
				GCC_DYNAMIC_NO_PIC = NO;
				GCC_NO_COMMON_BLOCKS = YES;
				GCC_OPTIMIZATION_LEVEL = 0;
				GCC_PREPROCESSOR_DEFINITIONS = (
					"DEBUG=1",
					"$(inherited)",
				);
				GCC_WARN_64_TO_32_BIT_CONVERSION = YES;
				GCC_WARN_ABOUT_RETURN_TYPE = YES_ERROR;
				GCC_WARN_UNDECLARED_SELECTOR = YES;
				GCC_WARN_UNINITIALIZED_AUTOS = YES_AGGRESSIVE;
				GCC_WARN_UNUSED_FUNCTION = YES;
				GCC_WARN_UNUSED_VARIABLE = YES;
				IPHONEOS_DEPLOYMENT_TARGET = 15.2;
				MTL_ENABLE_DEBUG_INFO = INCLUDE_SOURCE;
				MTL_FAST_MATH = YES;
				ONLY_ACTIVE_ARCH = YES;
				SDKROOT = iphoneos;
				SWIFT_ACTIVE_COMPILATION_CONDITIONS = DEBUG;
				SWIFT_OPTIMIZATION_LEVEL = "-Onone";
			};
			name = Debug;
		};
		595AD926281A6A95002807EC /* Release */ = {
			isa = XCBuildConfiguration;
			buildSettings = {
				ALWAYS_SEARCH_USER_PATHS = NO;
				CLANG_ANALYZER_NONNULL = YES;
				CLANG_ANALYZER_NUMBER_OBJECT_CONVERSION = YES_AGGRESSIVE;
				CLANG_CXX_LANGUAGE_STANDARD = "gnu++17";
				CLANG_CXX_LIBRARY = "libc++";
				CLANG_ENABLE_MODULES = YES;
				CLANG_ENABLE_OBJC_ARC = YES;
				CLANG_ENABLE_OBJC_WEAK = YES;
				CLANG_WARN_BLOCK_CAPTURE_AUTORELEASING = YES;
				CLANG_WARN_BOOL_CONVERSION = YES;
				CLANG_WARN_COMMA = YES;
				CLANG_WARN_CONSTANT_CONVERSION = YES;
				CLANG_WARN_DEPRECATED_OBJC_IMPLEMENTATIONS = YES;
				CLANG_WARN_DIRECT_OBJC_ISA_USAGE = YES_ERROR;
				CLANG_WARN_DOCUMENTATION_COMMENTS = YES;
				CLANG_WARN_EMPTY_BODY = YES;
				CLANG_WARN_ENUM_CONVERSION = YES;
				CLANG_WARN_INFINITE_RECURSION = YES;
				CLANG_WARN_INT_CONVERSION = YES;
				CLANG_WARN_NON_LITERAL_NULL_CONVERSION = YES;
				CLANG_WARN_OBJC_IMPLICIT_RETAIN_SELF = YES;
				CLANG_WARN_OBJC_LITERAL_CONVERSION = YES;
				CLANG_WARN_OBJC_ROOT_CLASS = YES_ERROR;
				CLANG_WARN_QUOTED_INCLUDE_IN_FRAMEWORK_HEADER = YES;
				CLANG_WARN_RANGE_LOOP_ANALYSIS = YES;
				CLANG_WARN_STRICT_PROTOTYPES = YES;
				CLANG_WARN_SUSPICIOUS_MOVE = YES;
				CLANG_WARN_UNGUARDED_AVAILABILITY = YES_AGGRESSIVE;
				CLANG_WARN_UNREACHABLE_CODE = YES;
				CLANG_WARN__DUPLICATE_METHOD_MATCH = YES;
				COPY_PHASE_STRIP = NO;
				DEBUG_INFORMATION_FORMAT = "dwarf-with-dsym";
				ENABLE_NS_ASSERTIONS = NO;
				ENABLE_STRICT_OBJC_MSGSEND = YES;
				GCC_C_LANGUAGE_STANDARD = gnu11;
				GCC_NO_COMMON_BLOCKS = YES;
				GCC_WARN_64_TO_32_BIT_CONVERSION = YES;
				GCC_WARN_ABOUT_RETURN_TYPE = YES_ERROR;
				GCC_WARN_UNDECLARED_SELECTOR = YES;
				GCC_WARN_UNINITIALIZED_AUTOS = YES_AGGRESSIVE;
				GCC_WARN_UNUSED_FUNCTION = YES;
				GCC_WARN_UNUSED_VARIABLE = YES;
				IPHONEOS_DEPLOYMENT_TARGET = 15.2;
				MTL_ENABLE_DEBUG_INFO = NO;
				MTL_FAST_MATH = YES;
				SDKROOT = iphoneos;
				SWIFT_COMPILATION_MODE = wholemodule;
				SWIFT_OPTIMIZATION_LEVEL = "-O";
				VALIDATE_PRODUCT = YES;
			};
			name = Release;
		};
		595AD928281A6A95002807EC /* Debug */ = {
			isa = XCBuildConfiguration;
			buildSettings = {
				ASSETCATALOG_COMPILER_APPICON_NAME = AppIcon;
				ASSETCATALOG_COMPILER_GLOBAL_ACCENT_COLOR_NAME = AccentColor;
				CODE_SIGN_STYLE = Automatic;
				CURRENT_PROJECT_VERSION = 1;
				DEVELOPMENT_ASSET_PATHS = "\"SwiftUIDemo/Preview Content\"";
				DEVELOPMENT_TEAM = Q94Y4N4RXK;
				ENABLE_PREVIEWS = YES;
				GENERATE_INFOPLIST_FILE = YES;
				INFOPLIST_KEY_UIApplicationSceneManifest_Generation = YES;
				INFOPLIST_KEY_UIApplicationSupportsIndirectInputEvents = YES;
				INFOPLIST_KEY_UILaunchScreen_Generation = YES;
				INFOPLIST_KEY_UISupportedInterfaceOrientations_iPad = "UIInterfaceOrientationPortrait UIInterfaceOrientationPortraitUpsideDown UIInterfaceOrientationLandscapeLeft UIInterfaceOrientationLandscapeRight";
				INFOPLIST_KEY_UISupportedInterfaceOrientations_iPhone = "UIInterfaceOrientationPortrait UIInterfaceOrientationLandscapeLeft UIInterfaceOrientationLandscapeRight";
				LD_RUNPATH_SEARCH_PATHS = (
					"$(inherited)",
					"@executable_path/Frameworks",
				);
				MARKETING_VERSION = 1.0;
				PRODUCT_BUNDLE_IDENTIFIER = riyu.test.SwiftUIDemo;
				PRODUCT_NAME = "$(TARGET_NAME)";
				SWIFT_EMIT_LOC_STRINGS = YES;
				SWIFT_VERSION = 5.0;
				TARGETED_DEVICE_FAMILY = "1,2";
			};
			name = Debug;
		};
		595AD929281A6A95002807EC /* Release */ = {
			isa = XCBuildConfiguration;
			buildSettings = {
				ASSETCATALOG_COMPILER_APPICON_NAME = AppIcon;
				ASSETCATALOG_COMPILER_GLOBAL_ACCENT_COLOR_NAME = AccentColor;
				CODE_SIGN_STYLE = Automatic;
				CURRENT_PROJECT_VERSION = 1;
				DEVELOPMENT_ASSET_PATHS = "\"SwiftUIDemo/Preview Content\"";
				DEVELOPMENT_TEAM = Q94Y4N4RXK;
				ENABLE_PREVIEWS = YES;
				GENERATE_INFOPLIST_FILE = YES;
				INFOPLIST_KEY_UIApplicationSceneManifest_Generation = YES;
				INFOPLIST_KEY_UIApplicationSupportsIndirectInputEvents = YES;
				INFOPLIST_KEY_UILaunchScreen_Generation = YES;
				INFOPLIST_KEY_UISupportedInterfaceOrientations_iPad = "UIInterfaceOrientationPortrait UIInterfaceOrientationPortraitUpsideDown UIInterfaceOrientationLandscapeLeft UIInterfaceOrientationLandscapeRight";
				INFOPLIST_KEY_UISupportedInterfaceOrientations_iPhone = "UIInterfaceOrientationPortrait UIInterfaceOrientationLandscapeLeft UIInterfaceOrientationLandscapeRight";
				LD_RUNPATH_SEARCH_PATHS = (
					"$(inherited)",
					"@executable_path/Frameworks",
				);
				MARKETING_VERSION = 1.0;
				PRODUCT_BUNDLE_IDENTIFIER = riyu.test.SwiftUIDemo;
				PRODUCT_NAME = "$(TARGET_NAME)";
				SWIFT_EMIT_LOC_STRINGS = YES;
				SWIFT_VERSION = 5.0;
				TARGETED_DEVICE_FAMILY = "1,2";
			};
			name = Release;
		};
		595AD92B281A6A95002807EC /* Debug */ = {
			isa = XCBuildConfiguration;
			buildSettings = {
				ALWAYS_EMBED_SWIFT_STANDARD_LIBRARIES = YES;
				BUNDLE_LOADER = "$(TEST_HOST)";
				CODE_SIGN_STYLE = Automatic;
				CURRENT_PROJECT_VERSION = 1;
				DEVELOPMENT_TEAM = Q94Y4N4RXK;
				GENERATE_INFOPLIST_FILE = YES;
				IPHONEOS_DEPLOYMENT_TARGET = 15.2;
				MARKETING_VERSION = 1.0;
				PRODUCT_BUNDLE_IDENTIFIER = riyu.test.SwiftUIDemoTests;
				PRODUCT_NAME = "$(TARGET_NAME)";
				SWIFT_EMIT_LOC_STRINGS = NO;
				SWIFT_VERSION = 5.0;
				TARGETED_DEVICE_FAMILY = "1,2";
				TEST_HOST = "$(BUILT_PRODUCTS_DIR)/SwiftUIDemo.app/SwiftUIDemo";
			};
			name = Debug;
		};
		595AD92C281A6A95002807EC /* Release */ = {
			isa = XCBuildConfiguration;
			buildSettings = {
				ALWAYS_EMBED_SWIFT_STANDARD_LIBRARIES = YES;
				BUNDLE_LOADER = "$(TEST_HOST)";
				CODE_SIGN_STYLE = Automatic;
				CURRENT_PROJECT_VERSION = 1;
				DEVELOPMENT_TEAM = Q94Y4N4RXK;
				GENERATE_INFOPLIST_FILE = YES;
				IPHONEOS_DEPLOYMENT_TARGET = 15.2;
				MARKETING_VERSION = 1.0;
				PRODUCT_BUNDLE_IDENTIFIER = riyu.test.SwiftUIDemoTests;
				PRODUCT_NAME = "$(TARGET_NAME)";
				SWIFT_EMIT_LOC_STRINGS = NO;
				SWIFT_VERSION = 5.0;
				TARGETED_DEVICE_FAMILY = "1,2";
				TEST_HOST = "$(BUILT_PRODUCTS_DIR)/SwiftUIDemo.app/SwiftUIDemo";
			};
			name = Release;
		};
		595AD92E281A6A95002807EC /* Debug */ = {
			isa = XCBuildConfiguration;
			buildSettings = {
				ALWAYS_EMBED_SWIFT_STANDARD_LIBRARIES = YES;
				CODE_SIGN_STYLE = Automatic;
				CURRENT_PROJECT_VERSION = 1;
				DEVELOPMENT_TEAM = Q94Y4N4RXK;
				GENERATE_INFOPLIST_FILE = YES;
				MARKETING_VERSION = 1.0;
				PRODUCT_BUNDLE_IDENTIFIER = riyu.test.SwiftUIDemoUITests;
				PRODUCT_NAME = "$(TARGET_NAME)";
				SWIFT_EMIT_LOC_STRINGS = NO;
				SWIFT_VERSION = 5.0;
				TARGETED_DEVICE_FAMILY = "1,2";
				TEST_TARGET_NAME = SwiftUIDemo;
			};
			name = Debug;
		};
		595AD92F281A6A95002807EC /* Release */ = {
			isa = XCBuildConfiguration;
			buildSettings = {
				ALWAYS_EMBED_SWIFT_STANDARD_LIBRARIES = YES;
				CODE_SIGN_STYLE = Automatic;
				CURRENT_PROJECT_VERSION = 1;
				DEVELOPMENT_TEAM = Q94Y4N4RXK;
				GENERATE_INFOPLIST_FILE = YES;
				MARKETING_VERSION = 1.0;
				PRODUCT_BUNDLE_IDENTIFIER = riyu.test.SwiftUIDemoUITests;
				PRODUCT_NAME = "$(TARGET_NAME)";
				SWIFT_EMIT_LOC_STRINGS = NO;
				SWIFT_VERSION = 5.0;
				TARGETED_DEVICE_FAMILY = "1,2";
				TEST_TARGET_NAME = SwiftUIDemo;
			};
			name = Release;
		};
/* End XCBuildConfiguration section */

/* Begin XCConfigurationList section */
		595AD8FE281A6A94002807EC /* Build configuration list for PBXProject "SwiftUIDemo" */ = {
			isa = XCConfigurationList;
			buildConfigurations = (
				595AD925281A6A95002807EC /* Debug */,
				595AD926281A6A95002807EC /* Release */,
			);
			defaultConfigurationIsVisible = 0;
			defaultConfigurationName = Release;
		};
		595AD927281A6A95002807EC /* Build configuration list for PBXNativeTarget "SwiftUIDemo" */ = {
			isa = XCConfigurationList;
			buildConfigurations = (
				595AD928281A6A95002807EC /* Debug */,
				595AD929281A6A95002807EC /* Release */,
			);
			defaultConfigurationIsVisible = 0;
			defaultConfigurationName = Release;
		};
		595AD92A281A6A95002807EC /* Build configuration list for PBXNativeTarget "SwiftUIDemoTests" */ = {
			isa = XCConfigurationList;
			buildConfigurations = (
				595AD92B281A6A95002807EC /* Debug */,
				595AD92C281A6A95002807EC /* Release */,
			);
			defaultConfigurationIsVisible = 0;
			defaultConfigurationName = Release;
		};
		595AD92D281A6A95002807EC /* Build configuration list for PBXNativeTarget "SwiftUIDemoUITests" */ = {
			isa = XCConfigurationList;
			buildConfigurations = (
				595AD92E281A6A95002807EC /* Debug */,
				595AD92F281A6A95002807EC /* Release */,
			);
			defaultConfigurationIsVisible = 0;
			defaultConfigurationName = Release;
		};
/* End XCConfigurationList section */
	};
	rootObject = 595AD8FB281A6A94002807EC /* Project object */;
}
